format=astrid-compute-core-wasm-1
worker_id=linux-vcpu
protocol=aos-linux-vcpu-1
target=wasm32-unknown-unknown
rust_toolchain=nightly-2026-04-04
rustc_commit=2972b5e59f1c5529b6ba770437812fd83ab4ebd4
build_std=std,panic_abort
source_paths=remapped
target_features=atomics,bulk-memory,mutable-globals
link_import_memory=true
link_shared_memory=true
immutable_asset_imports=asset_count,asset_size,asset_read
linux_kernel_asset_blake3=60cc6c3c01222a3a33b108593974de5636747b32cacc10bf8c0f45c1cdd8b285
linux_system_asset_blake3=c436bb2bfe0941f183f58f0e2e56df05a4bc03f01147ad1d095f48df0004afaa
linux_checkpoint_asset_blake3=c5434f61273eed03cba7eb5db724a134373446a0e9819b12a53c4682347c2b33
link_stack_after_static_data=true
worker_stack_slots=64
worker_stack_stride_bytes=524288
worker_stack_reserve_bytes=33554432
static_data_base=65536
initial_memory_bytes=67108864
maximum_memory_bytes=3758096384
worker_bytes=175938
worker_blake3=952cfe0b220f9243bd4f392cb20f616d2a775ff2fdf116be1fc44fd9e7e87d59
