format=astrid-compute-core-wasm-1
worker_id=linux-vcpu
protocol=aos-linux-vcpu-1
target=wasm32-unknown-unknown
rust_toolchain=nightly-2026-04-04
rustc_commit=2972b5e59f1c5529b6ba770437812fd83ab4ebd4
build_std=std,panic_abort
source_paths=remapped
target_features=atomics,bulk-memory,mutable-globals
link_import_memory=true
link_shared_memory=true
immutable_asset_imports=asset_count,asset_size,asset_read
linux_kernel_asset_blake3=fd3bff3a266b66fc1596c16414a5cd7ef7d2c68eb76684627ab8d4d6e74647e8
link_stack_after_static_data=true
static_data_base=65536
initial_memory_bytes=67108864
maximum_memory_bytes=3758096384
worker_bytes=183330
worker_blake3=679e3964f38906522de69d72704e16f17abdfa2e986560512040a8b84381088f
