format=aos-realm-development-image-1
sources_lock_blake3=a7c4dffa8701763e7f71b16be5bb28dfd3caa232636eab44e012fc244b15a3fe
rootfs_stage_sha256=50a2cd83cdf4bf35042ae32d82c30a22a7cc55c19b8bc544049292b6220b380d
astrid_build_input_sha256=0c2bc8cd9eb542f893be7b4ca7c9ca45754abce43ed707cd7c9551fd9f7e7fdb
rustup_input_sha256=9888d383f970c2304d8afb13ffb9f0dd9e35a7ce8b5e57bfaae17d62c1ec99e3
astrid_build_shipped_sha256=b9d84ea9a961cefadf6c28e7492034f718e4251930bd4c4ebbce7b8395ef5922
rustup_shipped_sha256=5540d4f33a0010336789b472338d4b1da0dc5cfefbca0da6ea1147602994c190
rust_lld_shipped_sha256=2797661e7295ca01ecfeac504de4aeeaaa8ec1ed794e1bbde09c841baba1e2ab
rootfs_cpio_bytes=368093630
rootfs_cpio_sha256=1fb272d1a964aabf3187bff45761982c1b24786a1a7464d593419b1c61d23ada
image_bytes=371082136
image_sha256=b7dbb0ebecc3afdfb7cd353680fbe823104a2ca0cda0e87ca05d82f261ad4bb0
image_blake3=d1ceca726e224893077404ee8932085dfe455304817f055689a9f3401782c47e
