format=aos-rv64-checkpoint-1
machine_model=aos-rv64-virt-v0
ram_bytes=33554432
max_console_bytes=65536
linux_image_blake3=472302477a99147e3b6de49ebd9cb3e4e78d45968434a20d4116e9dde39ee491
sources_lock_blake3=b9cb55c0ebfb96c1cd1eb75f5755d494bbd2290caca94e3310448f6a26f55a63
host_suspension_channel=1
charged_steps_before_suspension=15899016
checkpoint_bytes=8495869
checkpoint_sha256=99d2f209891c1ad340a64a79b062c6c1156a0c0e68ca61ce3c0a622644fac4d1
checkpoint_blake3=247e8ac5b5d342f1d517b7aa040a07fb6d87d8b7b5e930e7bd17b9d556347b98
