# AOS Realm Linux image and userland inputs. These archive URLs are
# informational because the scripts accept verified, extracted source trees.
# Buildroot may populate the explicit BR2_DL_DIR package cache, with forced
# upstream hash verification, when a package source is not already present.

linux_version=6.18.39
linux_archive_url=https://cdn.kernel.org/pub/linux/kernel/v6.x/linux-6.18.39.tar.xz
linux_archive_sha256=a7a7e3d2ae9d95e74197223a8d4eb5f6be7aac21b6e6de27e9685d001c1f8cb0

buildroot_version=2026.05.1
buildroot_archive_url=https://buildroot.org/downloads/buildroot-2026.05.1.tar.xz
buildroot_archive_sha256=ae7f706f087b9ae9083a10a587368dfbf53103c28bf81c2d690198dc4090cb58
buildroot_signing_fingerprint=18C7DF2819C1733D822D599EA500D6EE9CB0E540
linux_headers=6.18.34
busybox=1.38.0
glibc=2.43-45-gdae425b554207f7c4599c7fac707ad4c08545674
buildroot_gcc=14.4.0
buildroot_binutils=2.45.1
realm_bash=5.2.37
realm_git=2.54.0
realm_python=3.14.6
realm_llvm=22.1.7
realm_clang=22.1.7
realm_make=4.4.1
realm_cmake=4.3.2
realm_ninja=1.13.2
realm_pkgconf=2.3.0
realm_patch=2.7.6
realm_strace=7.0
realm_ca_certificates=20260223
realm_rust=1.97.1
realm_rust_host=riscv64gc-unknown-linux-gnu
realm_rust_archive_sha256=2982687edabf8582b21a5497fed8dd5287a24afdb836a64b206959cea81ab947
realm_rust_wasm_target=wasm32-unknown-unknown
realm_rust_wasm_std_sha256=fa0edb6e9f34faae5735554d62d50875eded839dc707d0f1c01467a918d8453b
realm_astrid_build=0.10.4
realm_astrid_build_source_url=https://crates.io/api/v1/crates/astrid-build/0.10.4/download
realm_astrid_build_source_sha256=969760ea346229dccdae9e2824b3a81a23c106dd09b2927243982a0be134bb89
realm_rustup=1.29.0
realm_rustup_source_url=https://github.com/rust-lang/rustup/archive/refs/tags/1.29.0.tar.gz
realm_rustup_source_sha256=de73d1a62f4d5409a2f6bdb1c523d8dc08aa6d9d63588db62493c19ca8f8bf55
guest_tools_host_rust=riscv64-cross-from-aarch64-unknown-linux-gnu
guest_tools_host_rust_sha256=9a7a2c336b4787f1b72f6bab7c35d5b7af2fd03cbd39b4fc721466a70d402a7d
guest_tools_riscv_std_sha256=5cec88477a70fe83c10a12efd6bdad1b0f8dd4c1ebba1e427f00c69666c5b6f9

builder_oci=ubuntu@sha256:c4a8d5503dfb2a3eb8ab5f807da5bc69a85730fb49b5cfca2330194ebcc41c7b
clang=1:18.1.3-1ubuntu1
lld=1:18.1.3-1ubuntu1
llvm=1:18.1.3-1ubuntu1
make=4.3-4.1build2
gcc=4:13.2.0-7ubuntu1

aos_init_elf_sha256=0a70920cd01dbab74c5b63d614b8a53b07a5bcb18d18a569728a1346c52e262c
busybox_elf_sha256=ce034f1e35d22be85de0dbe4e63aafa32c284c669568e62cb0d61517e250e56f
rootfs_cpio_sha256=10d26184e85add731208050fb3da9fed5e1dda7475b6e66e0d9814a221ecf3f4
image_sha256=7cb62638de9f41c2fe2a237a1c46642189b6d97e373c8592cc931f74f88419ff
